
Microsoft Visual Studio Solution File, Format Version 12.00
# Visual Studio Version 17
VisualStudioVersion = 17.8.0.0
MinimumVisualStudioVersion = 17.8.0.0
Project("{9A19103F-16F7-4668-BE54-9A1E7A4F7556}") = "FirebirdResource.AppHost", "FirebirdResource.AppHost\FirebirdResource.AppHost.csproj", "{1196E705-3FF4-4F5F-BF5B-6B220DA9CF40}"
EndProject
Project("{9A19103F-16F7-4668-BE54-9A1E7A4F7556}") = "FirebirdResource.ServiceDefaults", "FirebirdResource.ServiceDefaults\FirebirdResource.ServiceDefaults.csproj", "{4A079D86-C1CC-459C-810F-173CBC095DF6}"
EndProject
Project("{9A19103F-16F7-4668-BE54-9A1E7A4F7556}") = "Aspire.Hosting.Firebird", "Aspire.Hosting.Firebird\Aspire.Hosting.Firebird.csproj", "{E672BA94-08CE-4B95-BCAB-356291C598EB}"
EndProject
Project("{9A19103F-16F7-4668-BE54-9A1E7A4F7556}") = "FirebirdResource.ApiService", "FirebirdResource.ApiService\FirebirdResource.ApiService.csproj", "{5BB90911-1089-492D-BDB2-E3FF99BE7C3A}"
EndProject
Project("{9A19103F-16F7-4668-BE54-9A1E7A4F7556}") = "Aspire.Hosting.Firebird.Tests", "Aspire.Hosting.Firebird.Tests\Aspire.Hosting.Firebird.Tests.csproj", "{4B9E6E04-1C84-436B-AEF1-2C3BCB7AA8C2}"
EndProject
Project("{9A19103F-16F7-4668-BE54-9A1E7A4F7556}") = "Aspire.Firebird", "Aspire.Firebird\Aspire.Firebird.csproj", "{CD632FA3-ACF9-4221-8832-629E209CF5C2}"
EndProject
Project("{9A19103F-16F7-4668-BE54-9A1E7A4F7556}") = "AspNetCore.HealthChecks.Firebird", "AspNetCore.HealthChecks.Firebird\AspNetCore.HealthChecks.Firebird.csproj", "{C74D4610-0C96-4CAE-B6D7-704796E61214}"
EndProject
Project("{2150E333-8FDC-42A3-9474-1A3956D46DE8}") = "Solution Items", "Solution Items", "{517CB315-AA91-4B99-88DB-2A9327106470}"
	ProjectSection(SolutionItems) = preProject
		Directory.Build.props = Directory.Build.props
	EndProjectSection
EndProject
Project("{FAE04EC0-301F-11D3-BF4B-00C04F79EFBC}") = "AspNetCore.HealthChecks.Firebird.Tests", "AspNetCore.HealthChecks.Firebird.Tests\AspNetCore.HealthChecks.Firebird.Tests.csproj", "{2A3A1A04-3A47-479C-BD07-083063EDE550}"
EndProject
Global
	GlobalSection(SolutionConfigurationPlatforms) = preSolution
		Debug|Any CPU = Debug|Any CPU
		Release|Any CPU = Release|Any CPU
	EndGlobalSection
	GlobalSection(ProjectConfigurationPlatforms) = postSolution
		{1196E705-3FF4-4F5F-BF5B-6B220DA9CF40}.Debug|Any CPU.ActiveCfg = Debug|Any CPU
		{1196E705-3FF4-4F5F-BF5B-6B220DA9CF40}.Debug|Any CPU.Build.0 = Debug|Any CPU
		{1196E705-3FF4-4F5F-BF5B-6B220DA9CF40}.Release|Any CPU.ActiveCfg = Release|Any CPU
		{1196E705-3FF4-4F5F-BF5B-6B220DA9CF40}.Release|Any CPU.Build.0 = Release|Any CPU
		{4A079D86-C1CC-459C-810F-173CBC095DF6}.Debug|Any CPU.ActiveCfg = Debug|Any CPU
		{4A079D86-C1CC-459C-810F-173CBC095DF6}.Debug|Any CPU.Build.0 = Debug|Any CPU
		{4A079D86-C1CC-459C-810F-173CBC095DF6}.Release|Any CPU.ActiveCfg = Release|Any CPU
		{4A079D86-C1CC-459C-810F-173CBC095DF6}.Release|Any CPU.Build.0 = Release|Any CPU
		{E672BA94-08CE-4B95-BCAB-356291C598EB}.Debug|Any CPU.ActiveCfg = Debug|Any CPU
		{E672BA94-08CE-4B95-BCAB-356291C598EB}.Debug|Any CPU.Build.0 = Debug|Any CPU
		{E672BA94-08CE-4B95-BCAB-356291C598EB}.Release|Any CPU.ActiveCfg = Release|Any CPU
		{E672BA94-08CE-4B95-BCAB-356291C598EB}.Release|Any CPU.Build.0 = Release|Any CPU
		{5BB90911-1089-492D-BDB2-E3FF99BE7C3A}.Debug|Any CPU.ActiveCfg = Debug|Any CPU
		{5BB90911-1089-492D-BDB2-E3FF99BE7C3A}.Debug|Any CPU.Build.0 = Debug|Any CPU
		{5BB90911-1089-492D-BDB2-E3FF99BE7C3A}.Release|Any CPU.ActiveCfg = Release|Any CPU
		{5BB90911-1089-492D-BDB2-E3FF99BE7C3A}.Release|Any CPU.Build.0 = Release|Any CPU
		{4B9E6E04-1C84-436B-AEF1-2C3BCB7AA8C2}.Debug|Any CPU.ActiveCfg = Debug|Any CPU
		{4B9E6E04-1C84-436B-AEF1-2C3BCB7AA8C2}.Debug|Any CPU.Build.0 = Debug|Any CPU
		{4B9E6E04-1C84-436B-AEF1-2C3BCB7AA8C2}.Release|Any CPU.ActiveCfg = Release|Any CPU
		{4B9E6E04-1C84-436B-AEF1-2C3BCB7AA8C2}.Release|Any CPU.Build.0 = Release|Any CPU
		{CD632FA3-ACF9-4221-8832-629E209CF5C2}.Debug|Any CPU.ActiveCfg = Debug|Any CPU
		{CD632FA3-ACF9-4221-8832-629E209CF5C2}.Debug|Any CPU.Build.0 = Debug|Any CPU
		{CD632FA3-ACF9-4221-8832-629E209CF5C2}.Release|Any CPU.ActiveCfg = Release|Any CPU
		{CD632FA3-ACF9-4221-8832-629E209CF5C2}.Release|Any CPU.Build.0 = Release|Any CPU
		{C74D4610-0C96-4CAE-B6D7-704796E61214}.Debug|Any CPU.ActiveCfg = Debug|Any CPU
		{C74D4610-0C96-4CAE-B6D7-704796E61214}.Debug|Any CPU.Build.0 = Debug|Any CPU
		{C74D4610-0C96-4CAE-B6D7-704796E61214}.Release|Any CPU.ActiveCfg = Release|Any CPU
		{C74D4610-0C96-4CAE-B6D7-704796E61214}.Release|Any CPU.Build.0 = Release|Any CPU
		{2A3A1A04-3A47-479C-BD07-083063EDE550}.Debug|Any CPU.ActiveCfg = Debug|Any CPU
		{2A3A1A04-3A47-479C-BD07-083063EDE550}.Debug|Any CPU.Build.0 = Debug|Any CPU
		{2A3A1A04-3A47-479C-BD07-083063EDE550}.Release|Any CPU.ActiveCfg = Release|Any CPU
		{2A3A1A04-3A47-479C-BD07-083063EDE550}.Release|Any CPU.Build.0 = Release|Any CPU
	EndGlobalSection
	GlobalSection(SolutionProperties) = preSolution
		HideSolutionNode = FALSE
	EndGlobalSection
	GlobalSection(ExtensibilityGlobals) = postSolution
		SolutionGuid = {1941CB45-9DB8-4626-B6EE-0B5440B84848}
	EndGlobalSection
EndGlobal
